
Microsoft Visual Studio Solution File, Format Version 12.00
# Visual Studio Version 16
VisualStudioVersion = 16.0.29306.81
MinimumVisualStudioVersion = 10.0.40219.1
Project("{34036844-64E7-43A5-9151-4AD90E180989}") = "AzureIotEdgeApp6", "AzureIotEdgeApp6.iotedgeproj", "{611E9969-F6F0-42D3-93CC-B9F8813F2908}"
EndProject
Project("{FAE04EC0-301F-11D3-BF4B-00C04F79EFBC}") = "IotEdgeModule1", "..\IotEdgeModule1\IotEdgeModule1.csproj", "{5393A479-1023-4079-85BC-EFE3DCAB477D}"
EndProject
Global
	GlobalSection(SolutionConfigurationPlatforms) = preSolution
		Debug|Any CPU = Debug|Any CPU
		Release|Any CPU = Release|Any CPU
	EndGlobalSection
	GlobalSection(ProjectConfigurationPlatforms) = postSolution
		{611E9969-F6F0-42D3-93CC-B9F8813F2908}.Debug|Any CPU.ActiveCfg = Debug|Any CPU
		{611E9969-F6F0-42D3-93CC-B9F8813F2908}.Debug|Any CPU.Build.0 = Debug|Any CPU
		{611E9969-F6F0-42D3-93CC-B9F8813F2908}.Release|Any CPU.ActiveCfg = Release|Any CPU
		{611E9969-F6F0-42D3-93CC-B9F8813F2908}.Release|Any CPU.Build.0 = Release|Any CPU
		{5393A479-1023-4079-85BC-EFE3DCAB477D}.Debug|Any CPU.ActiveCfg = Debug|Any CPU
		{5393A479-1023-4079-85BC-EFE3DCAB477D}.Debug|Any CPU.Build.0 = Debug|Any CPU
		{5393A479-1023-4079-85BC-EFE3DCAB477D}.Release|Any CPU.ActiveCfg = Release|Any CPU
		{5393A479-1023-4079-85BC-EFE3DCAB477D}.Release|Any CPU.Build.0 = Release|Any CPU
	EndGlobalSection
	GlobalSection(SolutionProperties) = preSolution
		HideSolutionNode = FALSE
	EndGlobalSection
	GlobalSection(ExtensibilityGlobals) = postSolution
		SolutionGuid = {F2984E74-863E-45ED-8BC5-4DD3E511CF75}
	EndGlobalSection
EndGlobal
